{
  "version": 4,
  "terraform_version": "1.4.0",
  "serial": 24,
  "lineage": "d4fa8463-9022-6e44-0d87-e4f9622de70b",
  "outputs": {
    "eip": {
      "value": "52.23.91.245",
      "type": "string"
    }
  },
  "resources": [
    {
      "mode": "data",
      "type": "aws_ami",
      "name": "latest_amazon_linux",
      "provider": "provider[\"registry.terraform.io/hashicorp/aws\"]",
      "instances": [
        {
          "schema_version": 0,
          "attributes": {
            "architecture": "x86_64",
            "arn": "arn:aws:ec2:us-east-1::image/ami-065bb5126e4504910",
            "block_device_mappings": [
              {
                "device_name": "/dev/xvda",
                "ebs": {
                  "delete_on_termination": "true",
                  "encrypted": "false",
                  "iops": "0",
                  "snapshot_id": "snap-0e36ad65fc4882795",
                  "throughput": "0",
                  "volume_size": "8",
                  "volume_type": "gp2"
                },
                "no_device": "",
                "virtual_name": ""
              }
            ],
            "creation_date": "2023-02-09T12:09:12.000Z",
            "description": "Amazon Linux 2 AMI 2.0.20230207.0 x86_64 HVM gp2",
            "ena_support": true,
            "executable_users": null,
            "filter": [
              {
                "name": "name",
                "values": [
                  "amzn2-ami-hvm-*-x86_64-gp2"
                ]
              }
            ],
            "hypervisor": "xen",
            "id": "ami-065bb5126e4504910",
            "image_id": "ami-065bb5126e4504910",
            "image_location": "amazon/amzn2-ami-hvm-2.0.20230207.0-x86_64-gp2",
            "image_owner_alias": "amazon",
            "image_type": "machine",
            "kernel_id": null,
            "most_recent": true,
            "name": "amzn2-ami-hvm-2.0.20230207.0-x86_64-gp2",
            "name_regex": null,
            "owner_id": "137112412989",
            "owners": [
              "amazon"
            ],
            "platform": null,
            "platform_details": "Linux/UNIX",
            "product_codes": [],
            "public": true,
            "ramdisk_id": null,
            "root_device_name": "/dev/xvda",
            "root_device_type": "ebs",
            "root_snapshot_id": "snap-0e36ad65fc4882795",
            "sriov_net_support": "simple",
            "state": "available",
            "state_reason": {
              "code": "UNSET",
              "message": "UNSET"
            },
            "tags": {},
            "usage_operation": "RunInstances",
            "virtualization_type": "hvm"
          },
          "sensitive_attributes": []
        }
      ]
    },
    {
      "mode": "data",
      "type": "aws_availability_zones",
      "name": "available",
      "provider": "provider[\"registry.terraform.io/hashicorp/aws\"]",
      "instances": [
        {
          "schema_version": 0,
          "attributes": {
            "all_availability_zones": null,
            "exclude_names": null,
            "exclude_zone_ids": null,
            "filter": null,
            "group_names": [
              "us-east-1"
            ],
            "id": "us-east-1",
            "names": [
              "us-east-1a",
              "us-east-1b",
              "us-east-1c",
              "us-east-1d",
              "us-east-1e",
              "us-east-1f"
            ],
            "state": "available",
            "zone_ids": [
              "use1-az6",
              "use1-az1",
              "use1-az2",
              "use1-az4",
              "use1-az3",
              "use1-az5"
            ]
          },
          "sensitive_attributes": []
        }
      ]
    },
    {
      "mode": "data",
      "type": "aws_iam_instance_profile",
      "name": "lab_profile",
      "provider": "provider[\"registry.terraform.io/hashicorp/aws\"]",
      "instances": [
        {
          "schema_version": 0,
          "attributes": {
            "arn": "arn:aws:iam::806307902094:instance-profile/LabInstanceProfile",
            "create_date": "2023-01-13 15:04:10 +0000 UTC",
            "id": "AIPA3XO5SGKHLPPIO3KWE",
            "name": "LabInstanceProfile",
            "path": "/",
            "role_arn": "arn:aws:iam::806307902094:role/LabRole",
            "role_id": "AROA3XO5SGKHO2DZAUNX7",
            "role_name": "LabRole"
          },
          "sensitive_attributes": []
        }
      ]
    },
    {
      "mode": "data",
      "type": "aws_vpc",
      "name": "default",
      "provider": "provider[\"registry.terraform.io/hashicorp/aws\"]",
      "instances": [
        {
          "schema_version": 0,
          "attributes": {
            "arn": "arn:aws:ec2:us-east-1:806307902094:vpc/vpc-05006efc1389406b6",
            "cidr_block": "172.31.0.0/16",
            "cidr_block_associations": [
              {
                "association_id": "vpc-cidr-assoc-0f47320d54082e79b",
                "cidr_block": "172.31.0.0/16",
                "state": "associated"
              }
            ],
            "default": true,
            "dhcp_options_id": "dopt-0b05b2a215d752535",
            "enable_dns_hostnames": true,
            "enable_dns_support": true,
            "filter": null,
            "id": "vpc-05006efc1389406b6",
            "instance_tenancy": "default",
            "ipv6_association_id": "",
            "ipv6_cidr_block": "",
            "main_route_table_id": "rtb-0a82d163ce50213a3",
            "owner_id": "806307902094",
            "state": null,
            "tags": {}
          },
          "sensitive_attributes": []
        }
      ]
    },
    {
      "mode": "managed",
      "type": "aws_eip",
      "name": "static_eip",
      "provider": "provider[\"registry.terraform.io/hashicorp/aws\"]",
      "instances": [
        {
          "schema_version": 0,
          "attributes": {
            "address": null,
            "allocation_id": "eipalloc-000e6d9bfe0d962ef",
            "associate_with_private_ip": null,
            "association_id": "eipassoc-07391709c280e2070",
            "carrier_ip": "",
            "customer_owned_ip": "",
            "customer_owned_ipv4_pool": "",
            "domain": "vpc",
            "id": "eipalloc-000e6d9bfe0d962ef",
            "instance": "i-0bf5a0b8e6134aa1a",
            "network_border_group": "us-east-1",
            "network_interface": "eni-0abfbc15e112eab84",
            "private_dns": "ip-172-31-89-110.ec2.internal",
            "private_ip": "172.31.89.110",
            "public_dns": "ec2-52-23-91-245.compute-1.amazonaws.com",
            "public_ip": "52.23.91.245",
            "public_ipv4_pool": "amazon",
            "tags": {
              "App": "Web",
              "Name": "assign1-dev-eip",
              "Owner": "Rowell",
              "Project": "CLO835",
              "env": "dev"
            },
            "tags_all": {
              "App": "Web",
              "Name": "assign1-dev-eip",
              "Owner": "Rowell",
              "Project": "CLO835",
              "env": "dev"
            },
            "timeouts": null,
            "vpc": true
          },
          "sensitive_attributes": [],
          "private": "eyJlMmJmYjczMC1lY2FhLTExZTYtOGY4OC0zNDM2M2JjN2M0YzAiOnsiZGVsZXRlIjoxODAwMDAwMDAwMDAsInJlYWQiOjkwMDAwMDAwMDAwMCwidXBkYXRlIjozMDAwMDAwMDAwMDB9fQ==",
          "dependencies": [
            "aws_instance.my_amazon",
            "aws_key_pair.my_key",
            "aws_security_group.my_sg",
            "data.aws_ami.latest_amazon_linux",
            "data.aws_iam_instance_profile.lab_profile"
          ]
        }
      ]
    },
    {
      "mode": "managed",
      "type": "aws_instance",
      "name": "my_amazon",
      "provider": "provider[\"registry.terraform.io/hashicorp/aws\"]",
      "instances": [
        {
          "schema_version": 1,
          "attributes": {
            "ami": "ami-065bb5126e4504910",
            "arn": "arn:aws:ec2:us-east-1:806307902094:instance/i-0bf5a0b8e6134aa1a",
            "associate_public_ip_address": true,
            "availability_zone": "us-east-1c",
            "capacity_reservation_specification": [
              {
                "capacity_reservation_preference": "open",
                "capacity_reservation_target": []
              }
            ],
            "cpu_core_count": 1,
            "cpu_threads_per_core": 1,
            "credit_specification": [
              {
                "cpu_credits": "standard"
              }
            ],
            "disable_api_termination": false,
            "ebs_block_device": [],
            "ebs_optimized": false,
            "enclave_options": [
              {
                "enabled": false
              }
            ],
            "ephemeral_block_device": [],
            "get_password_data": false,
            "hibernation": false,
            "host_id": null,
            "iam_instance_profile": "LabInstanceProfile",
            "id": "i-0bf5a0b8e6134aa1a",
            "instance_initiated_shutdown_behavior": "stop",
            "instance_state": "running",
            "instance_type": "t2.micro",
            "ipv6_address_count": 0,
            "ipv6_addresses": [],
            "key_name": "assign1-dev",
            "launch_template": [],
            "metadata_options": [
              {
                "http_endpoint": "enabled",
                "http_put_response_hop_limit": 1,
                "http_tokens": "optional",
                "instance_metadata_tags": "disabled"
              }
            ],
            "monitoring": false,
            "network_interface": [],
            "outpost_arn": "",
            "password_data": "",
            "placement_group": "",
            "placement_partition_number": null,
            "primary_network_interface_id": "eni-0abfbc15e112eab84",
            "private_dns": "ip-172-31-89-110.ec2.internal",
            "private_ip": "172.31.89.110",
            "public_dns": "ec2-54-234-24-243.compute-1.amazonaws.com",
            "public_ip": "54.234.24.243",
            "root_block_device": [
              {
                "delete_on_termination": true,
                "device_name": "/dev/xvda",
                "encrypted": false,
                "iops": 100,
                "kms_key_id": "",
                "tags": {},
                "throughput": 0,
                "volume_id": "vol-0134ad5908a596e41",
                "volume_size": 8,
                "volume_type": "gp2"
              }
            ],
            "secondary_private_ips": [],
            "security_groups": [
              "allow_ssh7"
            ],
            "source_dest_check": true,
            "subnet_id": "subnet-07b8dedfc803c8d5a",
            "tags": {
              "App": "Web",
              "Name": "assign1-dev-Amazon-Linux",
              "Owner": "Rowell",
              "Project": "CLO835",
              "env": "dev"
            },
            "tags_all": {
              "App": "Web",
              "Name": "assign1-dev-Amazon-Linux",
              "Owner": "Rowell",
              "Project": "CLO835",
              "env": "dev"
            },
            "tenancy": "default",
            "timeouts": null,
            "user_data": null,
            "user_data_base64": null,
            "volume_tags": null,
            "vpc_security_group_ids": [
              "sg-06478af83c77eb335"
            ]
          },
          "sensitive_attributes": [],
          "private": "eyJlMmJmYjczMC1lY2FhLTExZTYtOGY4OC0zNDM2M2JjN2M0YzAiOnsiY3JlYXRlIjo2MDAwMDAwMDAwMDAsImRlbGV0ZSI6MTIwMDAwMDAwMDAwMCwidXBkYXRlIjo2MDAwMDAwMDAwMDB9LCJzY2hlbWFfdmVyc2lvbiI6IjEifQ==",
          "dependencies": [
            "aws_key_pair.my_key",
            "aws_security_group.my_sg",
            "data.aws_ami.latest_amazon_linux",
            "data.aws_iam_instance_profile.lab_profile"
          ],
          "create_before_destroy": true
        }
      ]
    },
    {
      "mode": "managed",
      "type": "aws_key_pair",
      "name": "my_key",
      "provider": "provider[\"registry.terraform.io/hashicorp/aws\"]",
      "instances": [
        {
          "schema_version": 1,
          "attributes": {
            "arn": "arn:aws:ec2:us-east-1:806307902094:key-pair/assign1-dev",
            "fingerprint": "81:46:23:41:59:c9:65:dd:53:17:53:58:30:62:98:ee",
            "id": "assign1-dev",
            "key_name": "assign1-dev",
            "key_name_prefix": "",
            "key_pair_id": "key-039cd47e87b4dfbd2",
            "public_key": "ssh-rsa AAAAB3NzaC1yc2EAAAADAQABAAABAQC/j9zTP9S1Fdtg+l5YpgtJ6Pafxw2G7uUv/O1t6x4AyMgT1WHu3vKZZ2UBdglqnJmz1gu/Lh60iE1XvjGMGE1a+IOhm2naSxvkaOeV7OhqRVsdtjwsEsBGRyGx/pwq/uGZ2V9J5T/VukTChg5PKm9tPILj98fgYe68uJXZejjxEZFoPk+/QeWvG0PiamWUuVXgV+tS+vRgyupG1FibTDcOhscAVTtFrqvaGDNJHLNxajelMCYeg0d/m/6MIvQ3lGQ19nnlduKAJe30l13iqzdo5qGllG7c1b730DUyU34iEBEML8jgySCyUbnFVeBEcc2UM5rJDTtR5ItRn1gUU/S/ ec2-user@ip-172-31-9-8.ec2.internal",
            "tags": {},
            "tags_all": {}
          },
          "sensitive_attributes": [],
          "private": "eyJzY2hlbWFfdmVyc2lvbiI6IjEifQ==",
          "create_before_destroy": true
        }
      ]
    },
    {
      "mode": "managed",
      "type": "aws_security_group",
      "name": "my_sg",
      "provider": "provider[\"registry.terraform.io/hashicorp/aws\"]",
      "instances": [
        {
          "schema_version": 1,
          "attributes": {
            "arn": "arn:aws:ec2:us-east-1:806307902094:security-group/sg-06478af83c77eb335",
            "description": "Allow SSH inbound traffic",
            "egress": [
              {
                "cidr_blocks": [
                  "0.0.0.0/0"
                ],
                "description": "",
                "from_port": 0,
                "ipv6_cidr_blocks": [
                  "::/0"
                ],
                "prefix_list_ids": [],
                "protocol": "-1",
                "security_groups": [],
                "self": false,
                "to_port": 0
              }
            ],
            "id": "sg-06478af83c77eb335",
            "ingress": [
              {
                "cidr_blocks": [
                  "0.0.0.0/0"
                ],
                "description": "SSH from everywhere",
                "from_port": 22,
                "ipv6_cidr_blocks": [
                  "::/0"
                ],
                "prefix_list_ids": [],
                "protocol": "tcp",
                "security_groups": [],
                "self": false,
                "to_port": 22
              }
            ],
            "name": "allow_ssh7",
            "name_prefix": "",
            "owner_id": "806307902094",
            "revoke_rules_on_delete": false,
            "tags": {
              "App": "Web",
              "Name": "assign1-dev-sg",
              "Owner": "Rowell",
              "Project": "CLO835",
              "env": "dev"
            },
            "tags_all": {
              "App": "Web",
              "Name": "assign1-dev-sg",
              "Owner": "Rowell",
              "Project": "CLO835",
              "env": "dev"
            },
            "timeouts": null,
            "vpc_id": "vpc-05006efc1389406b6"
          },
          "sensitive_attributes": [],
          "private": "eyJlMmJmYjczMC1lY2FhLTExZTYtOGY4OC0zNDM2M2JjN2M0YzAiOnsiY3JlYXRlIjo2MDAwMDAwMDAwMDAsImRlbGV0ZSI6OTAwMDAwMDAwMDAwfSwic2NoZW1hX3ZlcnNpb24iOiIxIn0=",
          "dependencies": [
            "data.aws_vpc.default"
          ],
          "create_before_destroy": true
        }
      ]
    }
  ],
  "check_results": null
}
